<Solution>
  <Project Path="../ForeignRhombusPlugin/ForeignRhombusPlugin.csproj" Id="6d7f8147-1baa-4d93-9f62-e493157a0db6" />
  <Project Path="../TrapeziumPlugin/TrapeziumPlugin.csproj" Id="eda75c7d-e307-4438-86b6-782a06bae812" />
  <Project Path="../XmlJsonPlugin/XmlJsonPlugin.csproj" Id="68267949-f7e2-49f6-90c1-0443931796a9" />
  <Project Path="NewGraphicEditor.csproj" Id="4bef7d6d-dc48-465f-9b32-41e9f29efabd" />
</Solution>
